
Microsoft Visual Studio Solution File, Format Version 12.00
# Visual Studio Version 17
VisualStudioVersion = 17.9.34701.34
MinimumVisualStudioVersion = 10.0.40219.1
Project("{F184B08F-C81C-45F6-A57F-5ABD9991F28F}") = "ConsoleApp11", "ConsoleApp11\ConsoleApp11.vbproj", "{175157E3-22EB-480E-83CB-190AC7BECB9B}"
EndProject
Global
	GlobalSection(SolutionConfigurationPlatforms) = preSolution
		Debug|Any CPU = Debug|Any CPU
		Release|Any CPU = Release|Any CPU
	EndGlobalSection
	GlobalSection(ProjectConfigurationPlatforms) = postSolution
		{175157E3-22EB-480E-83CB-190AC7BECB9B}.Debug|Any CPU.ActiveCfg = Debug|Any CPU
		{175157E3-22EB-480E-83CB-190AC7BECB9B}.Debug|Any CPU.Build.0 = Debug|Any CPU
		{175157E3-22EB-480E-83CB-190AC7BECB9B}.Release|Any CPU.ActiveCfg = Release|Any CPU
		{175157E3-22EB-480E-83CB-190AC7BECB9B}.Release|Any CPU.Build.0 = Release|Any CPU
	EndGlobalSection
	GlobalSection(SolutionProperties) = preSolution
		HideSolutionNode = FALSE
	EndGlobalSection
	GlobalSection(ExtensibilityGlobals) = postSolution
		SolutionGuid = {C6FCA515-CD94-428A-BFFD-132B21E479D9}
	EndGlobalSection
EndGlobal
